
Microsoft Visual Studio Solution File, Format Version 12.00
# Visual Studio 14
VisualStudioVersion = 14.0.25420.1
MinimumVisualStudioVersion = 10.0.40219.1
Project("{D2ABAB84-BF74-430A-B69E-9DC6D40DDA17}") = "Chapter 02 SSAS Multidimensional", "Chapter 02 SSAS Multidimensional\Chapter 02 SSAS Multidimensional.dwproj", "{E852A51A-B1B8-4B6D-88E2-A97B83D723CA}"
EndProject
Global
	GlobalSection(SolutionConfigurationPlatforms) = preSolution
		Development|Default = Development|Default
	EndGlobalSection
	GlobalSection(ProjectConfigurationPlatforms) = postSolution
		{E852A51A-B1B8-4B6D-88E2-A97B83D723CA}.Development|Default.ActiveCfg = Development
		{E852A51A-B1B8-4B6D-88E2-A97B83D723CA}.Development|Default.Build.0 = Development
		{E852A51A-B1B8-4B6D-88E2-A97B83D723CA}.Development|Default.Deploy.0 = Development
	EndGlobalSection
	GlobalSection(SolutionProperties) = preSolution
		HideSolutionNode = FALSE
	EndGlobalSection
EndGlobal
